
Microsoft Visual Studio Solution File, Format Version 12.00
# Visual Studio Version 16
VisualStudioVersion = 16.0.31112.23
MinimumVisualStudioVersion = 10.0.40219.1
Project("{FAE04EC0-301F-11D3-BF4B-00C04F79EFBC}") = "who_wants_to_be_a_millionaire", "who_wants_to_be_a_millionaire.csproj", "{CEA39FBD-E946-4228-AFBB-718547B5C3E6}"
EndProject
Global
	GlobalSection(SolutionConfigurationPlatforms) = preSolution
		Debug|Any CPU = Debug|Any CPU
		Release|Any CPU = Release|Any CPU
	EndGlobalSection
	GlobalSection(ProjectConfigurationPlatforms) = postSolution
		{CEA39FBD-E946-4228-AFBB-718547B5C3E6}.Debug|Any CPU.ActiveCfg = Debug|Any CPU
		{CEA39FBD-E946-4228-AFBB-718547B5C3E6}.Debug|Any CPU.Build.0 = Debug|Any CPU
		{CEA39FBD-E946-4228-AFBB-718547B5C3E6}.Release|Any CPU.ActiveCfg = Release|Any CPU
		{CEA39FBD-E946-4228-AFBB-718547B5C3E6}.Release|Any CPU.Build.0 = Release|Any CPU
	EndGlobalSection
	GlobalSection(SolutionProperties) = preSolution
		HideSolutionNode = FALSE
	EndGlobalSection
	GlobalSection(ExtensibilityGlobals) = postSolution
		SolutionGuid = {8D5DC3B6-417D-4784-B5E0-2C33E2681BB2}
	EndGlobalSection
EndGlobal
